// !$*UTF8*$!
{
	archiveVersion = 1;
	classes = {
	};
	objectVersion = 48;
	objects = {

/* Begin PBXBuildFile section */
		C10A56CF1FE76B0600BC6846 /* AppDelegate.swift in Sources */ = {isa = PBXBuildFile; fileRef = C10A56CE1FE76B0600BC6846 /* AppDelegate.swift */; };
		C10A56D11FE76B0600BC6846 /* ViewController.swift in Sources */ = {isa = PBXBuildFile; fileRef = C10A56D01FE76B0600BC6846 /* ViewController.swift */; };
		C10A56D41FE76B0600BC6846 /* Main.storyboard in Resources */ = {isa = PBXBuildFile; fileRef = C10A56D21FE76B0600BC6846 /* Main.storyboard */; };
		C10A56D61FE76B0600BC6846 /* Assets.xcassets in Resources */ = {isa = PBXBuildFile; fileRef = C10A56D51FE76B0600BC6846 /* Assets.xcassets */; };
		C10A56D91FE76B0600BC6846 /* LaunchScreen.storyboard in Resources */ = {isa = PBXBuildFile; fileRef = C10A56D71FE76B0600BC6846 /* LaunchScreen.storyboard */; };
		C1954B741FE7BB52002C73F7 /* MIIScrollableViews.framework in Frameworks */ = {isa = PBXBuildFile; fileRef = C1954B751FE7BB52002C73F7 /* MIIScrollableViews.framework */; };
/* End PBXBuildFile section */

/* Begin PBXFileReference section */
		C10A56CB1FE76B0600BC6846 /* Demo.app */ = {isa = PBXFileReference; explicitFileType = wrapper.application; includeInIndex = 0; path = Demo.app; sourceTree = BUILT_PRODUCTS_DIR; };
		C10A56CE1FE76B0600BC6846 /* AppDelegate.swift */ = {isa = PBXFileReference; lastKnownFileType = sourcecode.swift; path = AppDelegate.swift; sourceTree = "<group>"; };
		C10A56D01FE76B0600BC6846 /* ViewController.swift */ = {isa = PBXFileReference; lastKnownFileType = sourcecode.swift; path = ViewController.swift; sourceTree = "<group>"; };
		C10A56D31FE76B0600BC6846 /* Base */ = {isa = PBXFileReference; lastKnownFileType = file.storyboard; name = Base; path = Base.lproj/Main.storyboard; sourceTree = "<group>"; };
		C10A56D51FE76B0600BC6846 /* Assets.xcassets */ = {isa = PBXFileReference; lastKnownFileType = folder.assetcatalog; path = Assets.xcassets; sourceTree = "<group>"; };
		C10A56D81FE76B0600BC6846 /* Base */ = {isa = PBXFileReference; lastKnownFileType = file.storyboard; name = Base; path = Base.lproj/LaunchScreen.storyboard; sourceTree = "<group>"; };
		C10A56DA1FE76B0600BC6846 /* Info.plist */ = {isa = PBXFileReference; lastKnownFileType = text.plist.xml; path = Info.plist; sourceTree = "<group>"; };
		C158E5D91FE774EE00E8C4FC /* ScrollableViews.framework */ = {isa = PBXFileReference; explicitFileType = wrapper.framework; path = ScrollableViews.framework; sourceTree = BUILT_PRODUCTS_DIR; };
		C1954B751FE7BB52002C73F7 /* MIIScrollableViews.framework */ = {isa = PBXFileReference; explicitFileType = wrapper.framework; path = MIIScrollableViews.framework; sourceTree = BUILT_PRODUCTS_DIR; };
/* End PBXFileReference section */

/* Begin PBXFrameworksBuildPhase section */
		C10A56C81FE76B0600BC6846 /* Frameworks */ = {
			isa = PBXFrameworksBuildPhase;
			buildActionMask = 2147483647;
			files = (
				C1954B741FE7BB52002C73F7 /* MIIScrollableViews.framework in Frameworks */,
			);
			runOnlyForDeploymentPostprocessing = 0;
		};
/* End PBXFrameworksBuildPhase section */

/* Begin PBXGroup section */
		C10A56C21FE76B0600BC6846 = {
			isa = PBXGroup;
			children = (
				C10A56CD1FE76B0600BC6846 /* Demo */,
				C10A56CC1FE76B0600BC6846 /* Products */,
				C158E5D71FE774EE00E8C4FC /* Frameworks */,
			);
			sourceTree = "<group>";
		};
		C10A56CC1FE76B0600BC6846 /* Products */ = {
			isa = PBXGroup;
			children = (
				C10A56CB1FE76B0600BC6846 /* Demo.app */,
			);
			name = Products;
			sourceTree = "<group>";
		};
		C10A56CD1FE76B0600BC6846 /* Demo */ = {
			isa = PBXGroup;
			children = (
				C10A56CE1FE76B0600BC6846 /* AppDelegate.swift */,
				C10A56D01FE76B0600BC6846 /* ViewController.swift */,
				C10A56D21FE76B0600BC6846 /* Main.storyboard */,
				C10A56D51FE76B0600BC6846 /* Assets.xcassets */,
				C10A56D71FE76B0600BC6846 /* LaunchScreen.storyboard */,
				C10A56DA1FE76B0600BC6846 /* Info.plist */,
			);
			path = Demo;
			sourceTree = "<group>";
		};
		C158E5D71FE774EE00E8C4FC /* Frameworks */ = {
			isa = PBXGroup;
			children = (
				C1954B751FE7BB52002C73F7 /* MIIScrollableViews.framework */,
				C158E5D91FE774EE00E8C4FC /* ScrollableViews.framework */,
			);
			name = Frameworks;
			sourceTree = "<group>";
		};
/* End PBXGroup section */

/* Begin PBXNativeTarget section */
		C10A56CA1FE76B0600BC6846 /* Demo */ = {
			isa = PBXNativeTarget;
			buildConfigurationList = C10A56DD1FE76B0600BC6846 /* Build configuration list for PBXNativeTarget "Demo" */;
			buildPhases = (
				C10A56C71FE76B0600BC6846 /* Sources */,
				C10A56C81FE76B0600BC6846 /* Frameworks */,
				C10A56C91FE76B0600BC6846 /* Resources */,
			);
			buildRules = (
			);
			dependencies = (
			);
			name = Demo;
			productName = Demo;
			productReference = C10A56CB1FE76B0600BC6846 /* Demo.app */;
			productType = "com.apple.product-type.application";
		};
/* End PBXNativeTarget section */

/* Begin PBXProject section */
		C10A56C31FE76B0600BC6846 /* Project object */ = {
			isa = PBXProject;
			attributes = {
				LastSwiftUpdateCheck = 0920;
				LastUpgradeCheck = 0920;
				TargetAttributes = {
					C10A56CA1FE76B0600BC6846 = {
						CreatedOnToolsVersion = 9.2;
						ProvisioningStyle = Manual;
					};
				};
			};
			buildConfigurationList = C10A56C61FE76B0600BC6846 /* Build configuration list for PBXProject "Demo" */;
			compatibilityVersion = "Xcode 8.0";
			developmentRegion = en;
			hasScannedForEncodings = 0;
			knownRegions = (
				en,
				Base,
			);
			mainGroup = C10A56C21FE76B0600BC6846;
			productRefGroup = C10A56CC1FE76B0600BC6846 /* Products */;
			projectDirPath = "";
			projectRoot = "";
			targets = (
				C10A56CA1FE76B0600BC6846 /* Demo */,
			);
		};
/* End PBXProject section */

/* Begin PBXResourcesBuildPhase section */
		C10A56C91FE76B0600BC6846 /* Resources */ = {
			isa = PBXResourcesBuildPhase;
			buildActionMask = 2147483647;
			files = (
				C10A56D91FE76B0600BC6846 /* LaunchScreen.storyboard in Resources */,
				C10A56D61FE76B0600BC6846 /* Assets.xcassets in Resources */,
				C10A56D41FE76B0600BC6846 /* Main.storyboard in Resources */,
			);
			runOnlyForDeploymentPostprocessing = 0;
		};
/* End PBXResourcesBuildPhase section */

/* Begin PBXSourcesBuildPhase section */
		C10A56C71FE76B0600BC6846 /* Sources */ = {
			isa = PBXSourcesBuildPhase;
			buildActionMask = 2147483647;
			files = (
				C10A56D11FE76B0600BC6846 /* ViewController.swift in Sources */,
				C10A56CF1FE76B0600BC6846 /* AppDelegate.swift in Sources */,
			);
			runOnlyForDeploymentPostprocessing = 0;
		};
/* End PBXSourcesBuildPhase section */

/* Begin PBXVariantGroup section */
		C10A56D21FE76B0600BC6846 /* Main.storyboard */ = {
			isa = PBXVariantGroup;
			children = (
				C10A56D31FE76B0600BC6846 /* Base */,
			);
			name = Main.storyboard;
			sourceTree = "<group>";
		};
		C10A56D71FE76B0600BC6846 /* LaunchScreen.storyboard */ = {
			isa = PBXVariantGroup;
			children = (
				C10A56D81FE76B0600BC6846 /* Base */,
			);
			name = LaunchScreen.storyboard;
			sourceTree = "<group>";
		};
/* End PBXVariantGroup section */

/* Begin XCBuildConfiguration section */
		C10A56DB1FE76B0600BC6846 /* Debug */ = {
			isa = XCBuildConfiguration;
			buildSettings = {
				ALWAYS_SEARCH_USER_PATHS = NO;
				CLANG_ANALYZER_NONNULL = YES;
				CLANG_ANALYZER_NUMBER_OBJECT_CONVERSION = YES_AGGRESSIVE;
				CLANG_CXX_LANGUAGE_STANDARD = "gnu++14";
				CLANG_CXX_LIBRARY = "libc++";
				CLANG_ENABLE_MODULES = YES;
				CLANG_ENABLE_OBJC_ARC = YES;
				CLANG_WARN_BLOCK_CAPTURE_AUTORELEASING = YES;
				CLANG_WARN_BOOL_CONVERSION = YES;
				CLANG_WARN_COMMA = YES;
				CLANG_WARN_CONSTANT_CONVERSION = YES;
				CLANG_WARN_DIRECT_OBJC_ISA_USAGE = YES_ERROR;
				CLANG_WARN_DOCUMENTATION_COMMENTS = YES;
				CLANG_WARN_EMPTY_BODY = YES;
				CLANG_WARN_ENUM_CONVERSION = YES;
				CLANG_WARN_INFINITE_RECURSION = YES;
				CLANG_WARN_INT_CONVERSION = YES;
				CLANG_WARN_NON_LITERAL_NULL_CONVERSION = YES;
				CLANG_WARN_OBJC_LITERAL_CONVERSION = YES;
				CLANG_WARN_OBJC_ROOT_CLASS = YES_ERROR;
				CLANG_WARN_RANGE_LOOP_ANALYSIS = YES;
				CLANG_WARN_STRICT_PROTOTYPES = YES;
				CLANG_WARN_SUSPICIOUS_MOVE = YES;
				CLANG_WARN_UNGUARDED_AVAILABILITY = YES_AGGRESSIVE;
				CLANG_WARN_UNREACHABLE_CODE = YES;
				CLANG_WARN__DUPLICATE_METHOD_MATCH = YES;
				CODE_SIGN_IDENTITY = "iPhone Developer";
				COPY_PHASE_STRIP = NO;
				DEBUG_INFORMATION_FORMAT = dwarf;
				ENABLE_STRICT_OBJC_MSGSEND = YES;
				ENABLE_TESTABILITY = YES;
				GCC_C_LANGUAGE_STANDARD = gnu11;
				GCC_DYNAMIC_NO_PIC = NO;
				GCC_NO_COMMON_BLOCKS = YES;
				GCC_OPTIMIZATION_LEVEL = 0;
				GCC_PREPROCESSOR_DEFINITIONS = (
					"DEBUG=1",
					"$(inherited)",
				);
				GCC_WARN_64_TO_32_BIT_CONVERSION = YES;
				GCC_WARN_ABOUT_RETURN_TYPE = YES_ERROR;
				GCC_WARN_UNDECLARED_SELECTOR = YES;
				GCC_WARN_UNINITIALIZED_AUTOS = YES_AGGRESSIVE;
				GCC_WARN_UNUSED_FUNCTION = YES;
				GCC_WARN_UNUSED_VARIABLE = YES;
				IPHONEOS_DEPLOYMENT_TARGET = 9.0;
				MTL_ENABLE_DEBUG_INFO = YES;
				ONLY_ACTIVE_ARCH = YES;
				SDKROOT = iphoneos;
				SWIFT_ACTIVE_COMPILATION_CONDITIONS = DEBUG;
				SWIFT_OPTIMIZATION_LEVEL = "-Onone";
			};
			name = Debug;
		};
		C10A56DC1FE76B0600BC6846 /* Release */ = {
			isa = XCBuildConfiguration;
			buildSettings = {
				ALWAYS_SEARCH_USER_PATHS = NO;
				CLANG_ANALYZER_NONNULL = YES;
				CLANG_ANALYZER_NUMBER_OBJECT_CONVERSION = YES_AGGRESSIVE;
				CLANG_CXX_LANGUAGE_STANDARD = "gnu++14";
				CLANG_CXX_LIBRARY = "libc++";
				CLANG_ENABLE_MODULES = YES;
				CLANG_ENABLE_OBJC_ARC = YES;
				CLANG_WARN_BLOCK_CAPTURE_AUTORELEASING = YES;
				CLANG_WARN_BOOL_CONVERSION = YES;
				CLANG_WARN_COMMA = YES;
				CLANG_WARN_CONSTANT_CONVERSION = YES;
				CLANG_WARN_DIRECT_OBJC_ISA_USAGE = YES_ERROR;
				CLANG_WARN_DOCUMENTATION_COMMENTS = YES;
				CLANG_WARN_EMPTY_BODY = YES;
				CLANG_WARN_ENUM_CONVERSION = YES;
				CLANG_WARN_INFINITE_RECURSION = YES;
				CLANG_WARN_INT_CONVERSION = YES;
				CLANG_WARN_NON_LITERAL_NULL_CONVERSION = YES;
				CLANG_WARN_OBJC_LITERAL_CONVERSION = YES;
				CLANG_WARN_OBJC_ROOT_CLASS = YES_ERROR;
				CLANG_WARN_RANGE_LOOP_ANALYSIS = YES;
				CLANG_WARN_STRICT_PROTOTYPES = YES;
				CLANG_WARN_SUSPICIOUS_MOVE = YES;
				CLANG_WARN_UNGUARDED_AVAILABILITY = YES_AGGRESSIVE;
				CLANG_WARN_UNREACHABLE_CODE = YES;
				CLANG_WARN__DUPLICATE_METHOD_MATCH = YES;
				CODE_SIGN_IDENTITY = "iPhone Developer";
				COPY_PHASE_STRIP = NO;
				DEBUG_INFORMATION_FORMAT = "dwarf-with-dsym";
				ENABLE_NS_ASSERTIONS = NO;
				ENABLE_STRICT_OBJC_MSGSEND = YES;
				GCC_C_LANGUAGE_STANDARD = gnu11;
				GCC_NO_COMMON_BLOCKS = YES;
				GCC_WARN_64_TO_32_BIT_CONVERSION = YES;
				GCC_WARN_ABOUT_RETURN_TYPE = YES_ERROR;
				GCC_WARN_UNDECLARED_SELECTOR = YES;
				GCC_WARN_UNINITIALIZED_AUTOS = YES_AGGRESSIVE;
				GCC_WARN_UNUSED_FUNCTION = YES;
				GCC_WARN_UNUSED_VARIABLE = YES;
				IPHONEOS_DEPLOYMENT_TARGET = 9.0;
				MTL_ENABLE_DEBUG_INFO = NO;
				SDKROOT = iphoneos;
				SWIFT_OPTIMIZATION_LEVEL = "-Owholemodule";
				VALIDATE_PRODUCT = YES;
			};
			name = Release;
		};
		C10A56DE1FE76B0600BC6846 /* Debug */ = {
			isa = XCBuildConfiguration;
			buildSettings = {
				ASSETCATALOG_COMPILER_APPICON_NAME = AppIcon;
				CODE_SIGN_STYLE = Manual;
				DEVELOPMENT_TEAM = "";
				INFOPLIST_FILE = Demo/Info.plist;
				LD_RUNPATH_SEARCH_PATHS = "$(inherited) @executable_path/Frameworks";
				PRODUCT_BUNDLE_IDENTIFIER = com.apps.maple.miichan.Demo;
				PRODUCT_NAME = "$(TARGET_NAME)";
				PROVISIONING_PROFILE_SPECIFIER = "";
				SWIFT_VERSION = 4.0;
				TARGETED_DEVICE_FAMILY = "1,2";
			};
			name = Debug;
		};
		C10A56DF1FE76B0600BC6846 /* Release */ = {
			isa = XCBuildConfiguration;
			buildSettings = {
				ASSETCATALOG_COMPILER_APPICON_NAME = AppIcon;
				CODE_SIGN_STYLE = Manual;
				DEVELOPMENT_TEAM = "";
				INFOPLIST_FILE = Demo/Info.plist;
				LD_RUNPATH_SEARCH_PATHS = "$(inherited) @executable_path/Frameworks";
				PRODUCT_BUNDLE_IDENTIFIER = com.apps.maple.miichan.Demo;
				PRODUCT_NAME = "$(TARGET_NAME)";
				PROVISIONING_PROFILE_SPECIFIER = "";
				SWIFT_VERSION = 4.0;
				TARGETED_DEVICE_FAMILY = "1,2";
			};
			name = Release;
		};
/* End XCBuildConfiguration section */

/* Begin XCConfigurationList section */
		C10A56C61FE76B0600BC6846 /* Build configuration list for PBXProject "Demo" */ = {
			isa = XCConfigurationList;
			buildConfigurations = (
				C10A56DB1FE76B0600BC6846 /* Debug */,
				C10A56DC1FE76B0600BC6846 /* Release */,
			);
			defaultConfigurationIsVisible = 0;
			defaultConfigurationName = Release;
		};
		C10A56DD1FE76B0600BC6846 /* Build configuration list for PBXNativeTarget "Demo" */ = {
			isa = XCConfigurationList;
			buildConfigurations = (
				C10A56DE1FE76B0600BC6846 /* Debug */,
				C10A56DF1FE76B0600BC6846 /* Release */,
			);
			defaultConfigurationIsVisible = 0;
			defaultConfigurationName = Release;
		};
/* End XCConfigurationList section */
	};
	rootObject = C10A56C31FE76B0600BC6846 /* Project object */;
}
